
Microsoft Visual Studio Solution File, Format Version 12.00
# Visual Studio Version 16
VisualStudioVersion = 16.0.31702.278
MinimumVisualStudioVersion = 10.0.40219.1
Project("{FAE04EC0-301F-11D3-BF4B-00C04F79EFBC}") = "WeatherForecast.Parser", "WeatherForecast.Parser.csproj", "{D7E95DF6-0CAA-4674-B6CC-585C70450F97}"
EndProject
Global
	GlobalSection(SolutionConfigurationPlatforms) = preSolution
		Debug|Any CPU = Debug|Any CPU
		Release|Any CPU = Release|Any CPU
	EndGlobalSection
	GlobalSection(ProjectConfigurationPlatforms) = postSolution
		{D7E95DF6-0CAA-4674-B6CC-585C70450F97}.Debug|Any CPU.ActiveCfg = Debug|Any CPU
		{D7E95DF6-0CAA-4674-B6CC-585C70450F97}.Debug|Any CPU.Build.0 = Debug|Any CPU
		{D7E95DF6-0CAA-4674-B6CC-585C70450F97}.Release|Any CPU.ActiveCfg = Release|Any CPU
		{D7E95DF6-0CAA-4674-B6CC-585C70450F97}.Release|Any CPU.Build.0 = Release|Any CPU
	EndGlobalSection
	GlobalSection(SolutionProperties) = preSolution
		HideSolutionNode = FALSE
	EndGlobalSection
	GlobalSection(ExtensibilityGlobals) = postSolution
		SolutionGuid = {3FD5AC49-3153-427F-8419-FE5EC87A6758}
	EndGlobalSection
EndGlobal
